Microsoft Visual Studio Solution File, Format Version 12.00
# Visual Studio 2012
Project("{FAE04EC0-301F-11D3-BF4B-00C04F79EFBC}") = "GDHammer", "GDHammer.csproj", "{2FE4E00C-67DC-4F07-A94D-70D9A78C141C}"
EndProject
Global
	GlobalSection(SolutionConfigurationPlatforms) = preSolution
	Debug|Any CPU = Debug|Any CPU
	ExportDebug|Any CPU = ExportDebug|Any CPU
	ExportRelease|Any CPU = ExportRelease|Any CPU
	EndGlobalSection
	GlobalSection(ProjectConfigurationPlatforms) = postSolution
		{2FE4E00C-67DC-4F07-A94D-70D9A78C141C}.Debug|Any CPU.ActiveCfg = Debug|Any CPU
		{2FE4E00C-67DC-4F07-A94D-70D9A78C141C}.Debug|Any CPU.Build.0 = Debug|Any CPU
		{2FE4E00C-67DC-4F07-A94D-70D9A78C141C}.ExportDebug|Any CPU.ActiveCfg = ExportDebug|Any CPU
		{2FE4E00C-67DC-4F07-A94D-70D9A78C141C}.ExportDebug|Any CPU.Build.0 = ExportDebug|Any CPU
		{2FE4E00C-67DC-4F07-A94D-70D9A78C141C}.ExportRelease|Any CPU.ActiveCfg = ExportRelease|Any CPU
		{2FE4E00C-67DC-4F07-A94D-70D9A78C141C}.ExportRelease|Any CPU.Build.0 = ExportRelease|Any CPU
	EndGlobalSection
EndGlobal
